[[package]]
name = "ndspy"
version = "4.1.0"
description = "Python library that can help you read, modify and create many types of files used in Nintendo DS games."
category = "main"
optional = false
python-versions = ">=3.6"

[metadata]
lock-version = "1.1"
python-versions = "^3.10"
content-hash = "39f8973cb51bf42a9a64d4cdcf2066aa3dd6653134885e183825d32045c88532"

[metadata.files]
ndspy = []
